<?xml version="1.0" encoding="utf-8"?>
<Project ToolsVersion="4.0" xmlns="http://schemas.microsoft.com/developer/msbuild/2003">
  <ItemGroup>
    <Filter Include="Quelldateien">
      <UniqueIdentifier>{4FC737F1-C7A5-4376-A066-2A32D752A2FF}</UniqueIdentifier>
      <Extensions>cpp;c;cc;cxx;def;odl;idl;hpj;bat;asm;asmx</Extensions>
    </Filter>
    <Filter Include="Headerdateien">
      <UniqueIdentifier>{93995380-89BD-4b04-88EB-625FBE52EBFB}</UniqueIdentifier>
      <Extensions>h;hh;hpp;hxx;hm;inl;inc;xsd</Extensions>
    </Filter>
    <Filter Include="Ressourcendateien">
      <UniqueIdentifier>{67DA6AB6-F800-4c08-8B7A-83BB121AAD01}</UniqueIdentifier>
      <Extensions>rc;ico;cur;bmp;dlg;rc2;rct;bin;rgs;gif;jpg;jpeg;jpe;resx;tiff;tif;png;wav;mfcribbon-ms</Extensions>
    </Filter>
    <Filter Include="Headerdateien\Interfaces">
      <UniqueIdentifier>{e905aec0-9c36-488c-ab98-c6b339cd3e31}</UniqueIdentifier>
    </Filter>
    <Filter Include="Headerdateien\GameElements">
      <UniqueIdentifier>{5168fade-9d3d-4ba5-a454-b9d818c4e584}</UniqueIdentifier>
    </Filter>
    <Filter Include="Quelldateien\GameElements">
      <UniqueIdentifier>{c17676fd-2cb4-4cad-9f59-c00763306e0a}</UniqueIdentifier>
    </Filter>
    <Filter Include="Quelldateien\Interfaces">
      <UniqueIdentifier>{7c54a29f-c845-4fc6-b1f7-29b94102eb38}</UniqueIdentifier>
    </Filter>
  </ItemGroup>
  <ItemGroup>
    <ClInclude Include="stdafx.h">
      <Filter>Headerdateien</Filter>
    </ClInclude>
    <ClInclude Include="Game.hpp">
      <Filter>Headerdateien</Filter>
    </ClInclude>
    <ClInclude Include="ViewObject.hpp">
      <Filter>Headerdateien\Interfaces</Filter>
    </ClInclude>
    <ClInclude Include="RenderInterface.hpp">
      <Filter>Headerdateien\Interfaces</Filter>
    </ClInclude>
    <ClInclude Include="Vector.hpp">
      <Filter>Headerdateien</Filter>
    </ClInclude>
    <ClInclude Include="Resource.hpp">
      <Filter>Headerdateien</Filter>
    </ClInclude>
    <ClInclude Include="COMError.hpp">
      <Filter>Headerdateien</Filter>
    </ClInclude>
    <ClInclude Include="FPSCounter.hpp">
      <Filter>Headerdateien\GameElements</Filter>
    </ClInclude>
    <ClInclude Include="Terrain.hpp">
      <Filter>Headerdateien\GameElements</Filter>
    </ClInclude>
    <ClInclude Include="Platform.hpp">
      <Filter>Headerdateien\GameElements</Filter>
    </ClInclude>
    <ClInclude Include="Rocket.hpp">
      <Filter>Headerdateien\GameElements</Filter>
    </ClInclude>
    <ClInclude Include="GameRenderer.hpp">
      <Filter>Headerdateien</Filter>
    </ClInclude>
    <ClInclude Include="resources.h">
      <Filter>Ressourcendateien</Filter>
    </ClInclude>
    <ClInclude Include="PhysicsObject.hpp">
      <Filter>Headerdateien\Interfaces</Filter>
    </ClInclude>
  </ItemGroup>
  <ItemGroup>
    <ClCompile Include="stdafx.cpp">
      <Filter>Quelldateien</Filter>
    </ClCompile>
    <ClCompile Include="Game.cpp">
      <Filter>Quelldateien</Filter>
    </ClCompile>
    <ClCompile Include="main.cpp">
      <Filter>Quelldateien</Filter>
    </ClCompile>
    <ClCompile Include="Vector.cpp">
      <Filter>Quelldateien</Filter>
    </ClCompile>
    <ClCompile Include="FPSCounter.cpp">
      <Filter>Quelldateien\GameElements</Filter>
    </ClCompile>
    <ClCompile Include="Terrain.cpp">
      <Filter>Quelldateien\GameElements</Filter>
    </ClCompile>
    <ClCompile Include="Platform.cpp">
      <Filter>Quelldateien\GameElements</Filter>
    </ClCompile>
    <ClCompile Include="Rocket.cpp">
      <Filter>Quelldateien\GameElements</Filter>
    </ClCompile>
    <ClCompile Include="GameRenderer.cpp">
      <Filter>Quelldateien</Filter>
    </ClCompile>
    <ClCompile Include="PhysicsObject.cpp">
      <Filter>Quelldateien\Interfaces</Filter>
    </ClCompile>
  </ItemGroup>
  <ItemGroup>
    <Image Include="Assets\rocket.png">
      <Filter>Ressourcendateien</Filter>
    </Image>
    <Image Include="Assets\rockettrail.png">
      <Filter>Ressourcendateien</Filter>
    </Image>
    <Image Include="Assets\rcs_thrust.png">
      <Filter>Ressourcendateien</Filter>
    </Image>
  </ItemGroup>
  <ItemGroup>
    <ResourceCompile Include="resource.rc">
      <Filter>Ressourcendateien</Filter>
    </ResourceCompile>
  </ItemGroup>
</Project>